// !$*UTF8*$!
{
	archiveVersion = 1;
	classes = {
	};
	objectVersion = 46;
	objects = {

/* Begin PBXBuildFile section */
		B501C1571DF2A8B300669DB9 /* Bolts.framework in Frameworks */ = {isa = PBXBuildFile; fileRef = B501C1541DF2A8B300669DB9 /* Bolts.framework */; };
		B501C1581DF2A8B300669DB9 /* FacebookCore.framework in Frameworks */ = {isa = PBXBuildFile; fileRef = B501C1551DF2A8B300669DB9 /* FacebookCore.framework */; };
		B501C1591DF2A8B300669DB9 /* FBSDKCoreKit.framework in Frameworks */ = {isa = PBXBuildFile; fileRef = B501C1561DF2A8B300669DB9 /* FBSDKCoreKit.framework */; };
		B501C15B1DF2A8C500669DB9 /* FacebookLogin.framework in Frameworks */ = {isa = PBXBuildFile; fileRef = B501C15A1DF2A8C500669DB9 /* FacebookLogin.framework */; };
		B501C15D1DF2A8CC00669DB9 /* FBSDKLoginKit.framework in Frameworks */ = {isa = PBXBuildFile; fileRef = B501C15C1DF2A8CC00669DB9 /* FBSDKLoginKit.framework */; };
		B503C3F11DE4041900F3853A /* AppDelegate.swift in Sources */ = {isa = PBXBuildFile; fileRef = B503C3F01DE4041900F3853A /* AppDelegate.swift */; };
		B503C3F31DE4041900F3853A /* FeedViewController.swift in Sources */ = {isa = PBXBuildFile; fileRef = B503C3F21DE4041900F3853A /* FeedViewController.swift */; };
		B503C3F81DE4041900F3853A /* Main.storyboard in Resources */ = {isa = PBXBuildFile; fileRef = B503C3F61DE4041900F3853A /* Main.storyboard */; };
		B503C3FA1DE4041900F3853A /* Assets.xcassets in Resources */ = {isa = PBXBuildFile; fileRef = B503C3F91DE4041900F3853A /* Assets.xcassets */; };
		B503C3FD1DE4041900F3853A /* LaunchScreen.storyboard in Resources */ = {isa = PBXBuildFile; fileRef = B503C3FB1DE4041900F3853A /* LaunchScreen.storyboard */; };
		B503C4081DE4041900F3853A /* QuickShareTests.swift in Sources */ = {isa = PBXBuildFile; fileRef = B503C4071DE4041900F3853A /* QuickShareTests.swift */; };
		B503C4131DE4041900F3853A /* QuickShareUITests.swift in Sources */ = {isa = PBXBuildFile; fileRef = B503C4121DE4041900F3853A /* QuickShareUITests.swift */; };
		B504486C1DF10ABF0048B794 /* Just.swift in Sources */ = {isa = PBXBuildFile; fileRef = B504486B1DF10ABF0048B794 /* Just.swift */; };
		B565B96A1DF2E18300639B47 /* Item.swift in Sources */ = {isa = PBXBuildFile; fileRef = B565B9691DF2E18300639B47 /* Item.swift */; };
		B57C95B71DF5126400132200 /* ItemCollectionViewCell.swift in Sources */ = {isa = PBXBuildFile; fileRef = B57C95B61DF5126400132200 /* ItemCollectionViewCell.swift */; };
		B5A84FE61DF381B400E359DF /* User.swift in Sources */ = {isa = PBXBuildFile; fileRef = B5A84FE51DF381B400E359DF /* User.swift */; };
		B5C10F331DF241BE00364D8C /* FBLoginViewController.swift in Sources */ = {isa = PBXBuildFile; fileRef = B5C10F321DF241BE00364D8C /* FBLoginViewController.swift */; };
		B5C10F351DF2496D00364D8C /* ProfileViewController.swift in Sources */ = {isa = PBXBuildFile; fileRef = B5C10F341DF2496D00364D8C /* ProfileViewController.swift */; };
		B5DC9F131DF552300049017E /* AddImageViewController.swift in Sources */ = {isa = PBXBuildFile; fileRef = B5DC9F121DF552300049017E /* AddImageViewController.swift */; };
		B5DC9F151DF556740049017E /* Fusuma.framework in Frameworks */ = {isa = PBXBuildFile; fileRef = B5DC9F141DF556740049017E /* Fusuma.framework */; };
		B5DC9F171DF55B9F0049017E /* libCloudinary.a in Frameworks */ = {isa = PBXBuildFile; fileRef = B5DC9F161DF55B9F0049017E /* libCloudinary.a */; };
		B5FBC1051DF00F280052D46E /* ItemTableViewCell.swift in Sources */ = {isa = PBXBuildFile; fileRef = B5FBC1041DF00F280052D46E /* ItemTableViewCell.swift */; };
		B5FBC1071DF0131F0052D46E /* ItemViewController.swift in Sources */ = {isa = PBXBuildFile; fileRef = B5FBC1061DF0131F0052D46E /* ItemViewController.swift */; };
/* End PBXBuildFile section */

/* Begin PBXContainerItemProxy section */
		B503C4041DE4041900F3853A /* PBXContainerItemProxy */ = {
			isa = PBXContainerItemProxy;
			containerPortal = B503C3E51DE4041900F3853A /* Project object */;
			proxyType = 1;
			remoteGlobalIDString = B503C3EC1DE4041900F3853A;
			remoteInfo = QuickShare;
		};
		B503C40F1DE4041900F3853A /* PBXContainerItemProxy */ = {
			isa = PBXContainerItemProxy;
			containerPortal = B503C3E51DE4041900F3853A /* Project object */;
			proxyType = 1;
			remoteGlobalIDString = B503C3EC1DE4041900F3853A;
			remoteInfo = QuickShare;
		};
/* End PBXContainerItemProxy section */

/* Begin PBXCopyFilesBuildPhase section */
		B503C4231DE4102800F3853A /* Embed Frameworks */ = {
			isa = PBXCopyFilesBuildPhase;
			buildActionMask = 2147483647;
			dstPath = "";
			dstSubfolderSpec = 10;
			files = (
			);
			name = "Embed Frameworks";
			runOnlyForDeploymentPostprocessing = 0;
		};
/* End PBXCopyFilesBuildPhase section */

/* Begin PBXFileReference section */
		B501C1461DF28AA800669DB9 /* Bolts.framework */ = {isa = PBXFileReference; lastKnownFileType = wrapper.framework; name = Bolts.framework; path = "../../Library/Developer/Xcode/DerivedData/QuickShare-ecbjzffmxvcbmsfrfwhqsecpvcki/Build/Products/Debug-iphoneos/Bolts/Bolts.framework"; sourceTree = "<group>"; };
		B501C1471DF28AA800669DB9 /* FacebookCore.framework */ = {isa = PBXFileReference; lastKnownFileType = wrapper.framework; name = FacebookCore.framework; path = "../../Library/Developer/Xcode/DerivedData/QuickShare-ecbjzffmxvcbmsfrfwhqsecpvcki/Build/Products/Debug-iphoneos/FacebookCore/FacebookCore.framework"; sourceTree = "<group>"; };
		B501C1481DF28AA800669DB9 /* FacebookLogin.framework */ = {isa = PBXFileReference; lastKnownFileType = wrapper.framework; name = FacebookLogin.framework; path = "../../Library/Developer/Xcode/DerivedData/QuickShare-ecbjzffmxvcbmsfrfwhqsecpvcki/Build/Products/Debug-iphoneos/FacebookLogin/FacebookLogin.framework"; sourceTree = "<group>"; };
		B501C1491DF28AA800669DB9 /* FacebookShare.framework */ = {isa = PBXFileReference; lastKnownFileType = wrapper.framework; name = FacebookShare.framework; path = "../../Library/Developer/Xcode/DerivedData/QuickShare-ecbjzffmxvcbmsfrfwhqsecpvcki/Build/Products/Debug-iphoneos/FacebookShare/FacebookShare.framework"; sourceTree = "<group>"; };
		B501C14A1DF28AA800669DB9 /* FBSDKCoreKit.framework */ = {isa = PBXFileReference; lastKnownFileType = wrapper.framework; name = FBSDKCoreKit.framework; path = "../../Library/Developer/Xcode/DerivedData/QuickShare-ecbjzffmxvcbmsfrfwhqsecpvcki/Build/Products/Debug-iphoneos/FBSDKCoreKit/FBSDKCoreKit.framework"; sourceTree = "<group>"; };
		B501C14B1DF28AA800669DB9 /* FBSDKLoginKit.framework */ = {isa = PBXFileReference; lastKnownFileType = wrapper.framework; name = FBSDKLoginKit.framework; path = "../../Library/Developer/Xcode/DerivedData/QuickShare-ecbjzffmxvcbmsfrfwhqsecpvcki/Build/Products/Debug-iphoneos/FBSDKLoginKit/FBSDKLoginKit.framework"; sourceTree = "<group>"; };
		B501C14C1DF28AA800669DB9 /* FBSDKShareKit.framework */ = {isa = PBXFileReference; lastKnownFileType = wrapper.framework; name = FBSDKShareKit.framework; path = "../../Library/Developer/Xcode/DerivedData/QuickShare-ecbjzffmxvcbmsfrfwhqsecpvcki/Build/Products/Debug-iphoneos/FBSDKShareKit/FBSDKShareKit.framework"; sourceTree = "<group>"; };
		B501C1541DF2A8B300669DB9 /* Bolts.framework */ = {isa = PBXFileReference; lastKnownFileType = wrapper.framework; name = Bolts.framework; path = Carthage/Build/iOS/Bolts.framework; sourceTree = "<group>"; };
		B501C1551DF2A8B300669DB9 /* FacebookCore.framework */ = {isa = PBXFileReference; lastKnownFileType = wrapper.framework; name = FacebookCore.framework; path = Carthage/Build/iOS/FacebookCore.framework; sourceTree = "<group>"; };
		B501C1561DF2A8B300669DB9 /* FBSDKCoreKit.framework */ = {isa = PBXFileReference; lastKnownFileType = wrapper.framework; name = FBSDKCoreKit.framework; path = Carthage/Build/iOS/FBSDKCoreKit.framework; sourceTree = "<group>"; };
		B501C15A1DF2A8C500669DB9 /* FacebookLogin.framework */ = {isa = PBXFileReference; lastKnownFileType = wrapper.framework; name = FacebookLogin.framework; path = Carthage/Build/iOS/FacebookLogin.framework; sourceTree = "<group>"; };
		B501C15C1DF2A8CC00669DB9 /* FBSDKLoginKit.framework */ = {isa = PBXFileReference; lastKnownFileType = wrapper.framework; name = FBSDKLoginKit.framework; path = Carthage/Build/iOS/FBSDKLoginKit.framework; sourceTree = "<group>"; };
		B501C15F1DF2AAD900669DB9 /* QuickShare.entitlements */ = {isa = PBXFileReference; lastKnownFileType = text.plist.entitlements; path = QuickShare.entitlements; sourceTree = "<group>"; };
		B503C3ED1DE4041900F3853A /* QuickShare.app */ = {isa = PBXFileReference; explicitFileType = wrapper.application; includeInIndex = 0; path = QuickShare.app; sourceTree = BUILT_PRODUCTS_DIR; };
		B503C3F01DE4041900F3853A /* AppDelegate.swift */ = {isa = PBXFileReference; lastKnownFileType = sourcecode.swift; path = AppDelegate.swift; sourceTree = "<group>"; };
		B503C3F21DE4041900F3853A /* FeedViewController.swift */ = {isa = PBXFileReference; lastKnownFileType = sourcecode.swift; path = FeedViewController.swift; sourceTree = "<group>"; };
		B503C3F71DE4041900F3853A /* Base */ = {isa = PBXFileReference; lastKnownFileType = file.storyboard; name = Base; path = Base.lproj/Main.storyboard; sourceTree = "<group>"; };
		B503C3F91DE4041900F3853A /* Assets.xcassets */ = {isa = PBXFileReference; lastKnownFileType = folder.assetcatalog; path = Assets.xcassets; sourceTree = "<group>"; };
		B503C3FC1DE4041900F3853A /* Base */ = {isa = PBXFileReference; lastKnownFileType = file.storyboard; name = Base; path = Base.lproj/LaunchScreen.storyboard; sourceTree = "<group>"; };
		B503C3FE1DE4041900F3853A /* Info.plist */ = {isa = PBXFileReference; lastKnownFileType = text.plist.xml; path = Info.plist; sourceTree = "<group>"; };
		B503C4031DE4041900F3853A /* QuickShareTests.xctest */ = {isa = PBXFileReference; explicitFileType = wrapper.cfbundle; includeInIndex = 0; path = QuickShareTests.xctest; sourceTree = BUILT_PRODUCTS_DIR; };
		B503C4071DE4041900F3853A /* QuickShareTests.swift */ = {isa = PBXFileReference; lastKnownFileType = sourcecode.swift; path = QuickShareTests.swift; sourceTree = "<group>"; };
		B503C4091DE4041900F3853A /* Info.plist */ = {isa = PBXFileReference; lastKnownFileType = text.plist.xml; path = Info.plist; sourceTree = "<group>"; };
		B503C40E1DE4041900F3853A /* QuickShareUITests.xctest */ = {isa = PBXFileReference; explicitFileType = wrapper.cfbundle; includeInIndex = 0; path = QuickShareUITests.xctest; sourceTree = BUILT_PRODUCTS_DIR; };
		B503C4121DE4041900F3853A /* QuickShareUITests.swift */ = {isa = PBXFileReference; lastKnownFileType = sourcecode.swift; path = QuickShareUITests.swift; sourceTree = "<group>"; };
		B503C4141DE4041900F3853A /* Info.plist */ = {isa = PBXFileReference; lastKnownFileType = text.plist.xml; path = Info.plist; sourceTree = "<group>"; };
		B504486B1DF10ABF0048B794 /* Just.swift */ = {isa = PBXFileReference; fileEncoding = 4; lastKnownFileType = sourcecode.swift; path = Just.swift; sourceTree = "<group>"; };
		B565B9691DF2E18300639B47 /* Item.swift */ = {isa = PBXFileReference; fileEncoding = 4; lastKnownFileType = sourcecode.swift; path = Item.swift; sourceTree = "<group>"; };
		B57C95B61DF5126400132200 /* ItemCollectionViewCell.swift */ = {isa = PBXFileReference; fileEncoding = 4; lastKnownFileType = sourcecode.swift; path = ItemCollectionViewCell.swift; sourceTree = "<group>"; };
		B5A84FE51DF381B400E359DF /* User.swift */ = {isa = PBXFileReference; fileEncoding = 4; lastKnownFileType = sourcecode.swift; path = User.swift; sourceTree = "<group>"; };
		B5C10F321DF241BE00364D8C /* FBLoginViewController.swift */ = {isa = PBXFileReference; fileEncoding = 4; lastKnownFileType = sourcecode.swift; path = FBLoginViewController.swift; sourceTree = "<group>"; };
		B5C10F341DF2496D00364D8C /* ProfileViewController.swift */ = {isa = PBXFileReference; fileEncoding = 4; lastKnownFileType = sourcecode.swift; path = ProfileViewController.swift; sourceTree = "<group>"; };
		B5DC9F121DF552300049017E /* AddImageViewController.swift */ = {isa = PBXFileReference; fileEncoding = 4; lastKnownFileType = sourcecode.swift; path = AddImageViewController.swift; sourceTree = "<group>"; };
		B5DC9F141DF556740049017E /* Fusuma.framework */ = {isa = PBXFileReference; lastKnownFileType = wrapper.framework; name = Fusuma.framework; path = Carthage/Build/iOS/Fusuma.framework; sourceTree = "<group>"; };
		B5DC9F161DF55B9F0049017E /* libCloudinary.a */ = {isa = PBXFileReference; lastKnownFileType = archive.ar; name = libCloudinary.a; path = cloudinary/libCloudinary.a; sourceTree = "<group>"; };
		B5DC9F191DF55BB60049017E /* CLCloudinary.h */ = {isa = PBXFileReference; fileEncoding = 4; lastKnownFileType = sourcecode.c.h; path = CLCloudinary.h; sourceTree = "<group>"; };
		B5DC9F1A1DF55BB60049017E /* CLEagerTransformation.h */ = {isa = PBXFileReference; fileEncoding = 4; lastKnownFileType = sourcecode.c.h; path = CLEagerTransformation.h; sourceTree = "<group>"; };
		B5DC9F1B1DF55BB60049017E /* CLLayer.h */ = {isa = PBXFileReference; fileEncoding = 4; lastKnownFileType = sourcecode.c.h; path = CLLayer.h; sourceTree = "<group>"; };
		B5DC9F1C1DF55BB60049017E /* Cloudinary.h */ = {isa = PBXFileReference; fileEncoding = 4; lastKnownFileType = sourcecode.c.h; path = Cloudinary.h; sourceTree = "<group>"; };
		B5DC9F1D1DF55BB60049017E /* CLTransformation.h */ = {isa = PBXFileReference; fileEncoding = 4; lastKnownFileType = sourcecode.c.h; path = CLTransformation.h; sourceTree = "<group>"; };
		B5DC9F1E1DF55BB60049017E /* CLUploader.h */ = {isa = PBXFileReference; fileEncoding = 4; lastKnownFileType = sourcecode.c.h; path = CLUploader.h; sourceTree = "<group>"; };
		B5DC9F201DF55F380049017E /* EL_Bridging_Header.h */ = {isa = PBXFileReference; lastKnownFileType = sourcecode.c.h; name = EL_Bridging_Header.h; path = QuickShare/EL_Bridging_Header.h; sourceTree = "<group>"; };
		B5FBC1041DF00F280052D46E /* ItemTableViewCell.swift */ = {isa = PBXFileReference; fileEncoding = 4; lastKnownFileType = sourcecode.swift; path = ItemTableViewCell.swift; sourceTree = "<group>"; };
		B5FBC1061DF0131F0052D46E /* ItemViewController.swift */ = {isa = PBXFileReference; fileEncoding = 4; lastKnownFileType = sourcecode.swift; path = ItemViewController.swift; sourceTree = "<group>"; };
/* End PBXFileReference section */

/* Begin PBXFrameworksBuildPhase section */
		4AE13B88564195B558382AEB /* Frameworks */ = {
			isa = PBXFrameworksBuildPhase;
			buildActionMask = 2147483647;
			files = (
				B501C1571DF2A8B300669DB9 /* Bolts.framework in Frameworks */,
				B501C1581DF2A8B300669DB9 /* FacebookCore.framework in Frameworks */,
				B501C1591DF2A8B300669DB9 /* FBSDKCoreKit.framework in Frameworks */,
				B5DC9F171DF55B9F0049017E /* libCloudinary.a in Frameworks */,
				B501C15B1DF2A8C500669DB9 /* FacebookLogin.framework in Frameworks */,
				B501C15D1DF2A8CC00669DB9 /* FBSDKLoginKit.framework in Frameworks */,
				B5DC9F151DF556740049017E /* Fusuma.framework in Frameworks */,
			);
			runOnlyForDeploymentPostprocessing = 0;
		};
		B503C4001DE4041900F3853A /* Frameworks */ = {
			isa = PBXFrameworksBuildPhase;
			buildActionMask = 2147483647;
			files = (
			);
			runOnlyForDeploymentPostprocessing = 0;
		};
		B503C40B1DE4041900F3853A /* Frameworks */ = {
			isa = PBXFrameworksBuildPhase;
			buildActionMask = 2147483647;
			files = (
			);
			runOnlyForDeploymentPostprocessing = 0;
		};
/* End PBXFrameworksBuildPhase section */

/* Begin PBXGroup section */
		B503C3E41DE4041900F3853A = {
			isa = PBXGroup;
			children = (
				B5DC9F201DF55F380049017E /* EL_Bridging_Header.h */,
				B503C3EF1DE4041900F3853A /* QuickShare */,
				B503C4061DE4041900F3853A /* QuickShareTests */,
				B503C4111DE4041900F3853A /* QuickShareUITests */,
				B503C3EE1DE4041900F3853A /* Products */,
				B5DC9F181DF55BB60049017E /* Cloudinary */,
				F090C765EFB1F2138D3CAF8F /* Frameworks */,
			);
			sourceTree = "<group>";
		};
		B503C3EE1DE4041900F3853A /* Products */ = {
			isa = PBXGroup;
			children = (
				B503C3ED1DE4041900F3853A /* QuickShare.app */,
				B503C4031DE4041900F3853A /* QuickShareTests.xctest */,
				B503C40E1DE4041900F3853A /* QuickShareUITests.xctest */,
			);
			name = Products;
			sourceTree = "<group>";
		};
		B503C3EF1DE4041900F3853A /* QuickShare */ = {
			isa = PBXGroup;
			children = (
				B565B96B1DF3561B00639B47 /* Models */,
				B565B96E1DF3565900639B47 /* Views */,
				B565B96C1DF3562700639B47 /* Controllers */,
				B501C15F1DF2AAD900669DB9 /* QuickShare.entitlements */,
				B503C3F01DE4041900F3853A /* AppDelegate.swift */,
				B503C3F91DE4041900F3853A /* Assets.xcassets */,
				B503C3FE1DE4041900F3853A /* Info.plist */,
				B565B96D1DF3564900639B47 /* Vendor */,
			);
			path = QuickShare;
			sourceTree = "<group>";
		};
		B503C4061DE4041900F3853A /* QuickShareTests */ = {
			isa = PBXGroup;
			children = (
				B503C4071DE4041900F3853A /* QuickShareTests.swift */,
				B503C4091DE4041900F3853A /* Info.plist */,
			);
			path = QuickShareTests;
			sourceTree = "<group>";
		};
		B503C4111DE4041900F3853A /* QuickShareUITests */ = {
			isa = PBXGroup;
			children = (
				B503C4121DE4041900F3853A /* QuickShareUITests.swift */,
				B503C4141DE4041900F3853A /* Info.plist */,
			);
			path = QuickShareUITests;
			sourceTree = "<group>";
		};
		B565B96B1DF3561B00639B47 /* Models */ = {
			isa = PBXGroup;
			children = (
				B5A84FE51DF381B400E359DF /* User.swift */,
				B565B9691DF2E18300639B47 /* Item.swift */,
			);
			name = Models;
			sourceTree = "<group>";
		};
		B565B96C1DF3562700639B47 /* Controllers */ = {
			isa = PBXGroup;
			children = (
				B5DC9F121DF552300049017E /* AddImageViewController.swift */,
				B503C3F21DE4041900F3853A /* FeedViewController.swift */,
				B5C10F341DF2496D00364D8C /* ProfileViewController.swift */,
				B5C10F321DF241BE00364D8C /* FBLoginViewController.swift */,
				B5FBC1061DF0131F0052D46E /* ItemViewController.swift */,
			);
			name = Controllers;
			sourceTree = "<group>";
		};
		B565B96D1DF3564900639B47 /* Vendor */ = {
			isa = PBXGroup;
			children = (
				B504486B1DF10ABF0048B794 /* Just.swift */,
			);
			name = Vendor;
			sourceTree = "<group>";
		};
		B565B96E1DF3565900639B47 /* Views */ = {
			isa = PBXGroup;
			children = (
				B503C3F61DE4041900F3853A /* Main.storyboard */,
				B57C95B61DF5126400132200 /* ItemCollectionViewCell.swift */,
				B503C3FB1DE4041900F3853A /* LaunchScreen.storyboard */,
				B5FBC1041DF00F280052D46E /* ItemTableViewCell.swift */,
			);
			name = Views;
			sourceTree = "<group>";
		};
		B5DC9F181DF55BB60049017E /* Cloudinary */ = {
			isa = PBXGroup;
			children = (
				B5DC9F191DF55BB60049017E /* CLCloudinary.h */,
				B5DC9F1A1DF55BB60049017E /* CLEagerTransformation.h */,
				B5DC9F1B1DF55BB60049017E /* CLLayer.h */,
				B5DC9F1C1DF55BB60049017E /* Cloudinary.h */,
				B5DC9F1D1DF55BB60049017E /* CLTransformation.h */,
				B5DC9F1E1DF55BB60049017E /* CLUploader.h */,
			);
			name = Cloudinary;
			path = cloudinary/include/Cloudinary;
			sourceTree = "<group>";
		};
		F090C765EFB1F2138D3CAF8F /* Frameworks */ = {
			isa = PBXGroup;
			children = (
				B5DC9F161DF55B9F0049017E /* libCloudinary.a */,
				B5DC9F141DF556740049017E /* Fusuma.framework */,
				B501C15C1DF2A8CC00669DB9 /* FBSDKLoginKit.framework */,
				B501C15A1DF2A8C500669DB9 /* FacebookLogin.framework */,
				B501C1541DF2A8B300669DB9 /* Bolts.framework */,
				B501C1551DF2A8B300669DB9 /* FacebookCore.framework */,
				B501C1561DF2A8B300669DB9 /* FBSDKCoreKit.framework */,
				B501C1461DF28AA800669DB9 /* Bolts.framework */,
				B501C1471DF28AA800669DB9 /* FacebookCore.framework */,
				B501C1481DF28AA800669DB9 /* FacebookLogin.framework */,
				B501C1491DF28AA800669DB9 /* FacebookShare.framework */,
				B501C14A1DF28AA800669DB9 /* FBSDKCoreKit.framework */,
				B501C14B1DF28AA800669DB9 /* FBSDKLoginKit.framework */,
				B501C14C1DF28AA800669DB9 /* FBSDKShareKit.framework */,
			);
			name = Frameworks;
			sourceTree = "<group>";
		};
/* End PBXGroup section */

/* Begin PBXNativeTarget section */
		B503C3EC1DE4041900F3853A /* QuickShare */ = {
			isa = PBXNativeTarget;
			buildConfigurationList = B503C4171DE4041900F3853A /* Build configuration list for PBXNativeTarget "QuickShare" */;
			buildPhases = (
				B503C3E91DE4041900F3853A /* Sources */,
				B503C3EB1DE4041900F3853A /* Resources */,
				B503C4231DE4102800F3853A /* Embed Frameworks */,
				4AE13B88564195B558382AEB /* Frameworks */,
				B501C15E1DF2A8F400669DB9 /* ShellScript */,
			);
			buildRules = (
			);
			dependencies = (
			);
			name = QuickShare;
			productName = QuickShare;
			productReference = B503C3ED1DE4041900F3853A /* QuickShare.app */;
			productType = "com.apple.product-type.application";
		};
		B503C4021DE4041900F3853A /* QuickShareTests */ = {
			isa = PBXNativeTarget;
			buildConfigurationList = B503C41A1DE4041900F3853A /* Build configuration list for PBXNativeTarget "QuickShareTests" */;
			buildPhases = (
				B503C3FF1DE4041900F3853A /* Sources */,
				B503C4001DE4041900F3853A /* Frameworks */,
				B503C4011DE4041900F3853A /* Resources */,
			);
			buildRules = (
			);
			dependencies = (
				B503C4051DE4041900F3853A /* PBXTargetDependency */,
			);
			name = QuickShareTests;
			productName = QuickShareTests;
			productReference = B503C4031DE4041900F3853A /* QuickShareTests.xctest */;
			productType = "com.apple.product-type.bundle.unit-test";
		};
		B503C40D1DE4041900F3853A /* QuickShareUITests */ = {
			isa = PBXNativeTarget;
			buildConfigurationList = B503C41D1DE4041900F3853A /* Build configuration list for PBXNativeTarget "QuickShareUITests" */;
			buildPhases = (
				B503C40A1DE4041900F3853A /* Sources */,
				B503C40B1DE4041900F3853A /* Frameworks */,
				B503C40C1DE4041900F3853A /* Resources */,
			);
			buildRules = (
			);
			dependencies = (
				B503C4101DE4041900F3853A /* PBXTargetDependency */,
			);
			name = QuickShareUITests;
			productName = QuickShareUITests;
			productReference = B503C40E1DE4041900F3853A /* QuickShareUITests.xctest */;
			productType = "com.apple.product-type.bundle.ui-testing";
		};
/* End PBXNativeTarget section */

/* Begin PBXProject section */
		B503C3E51DE4041900F3853A /* Project object */ = {
			isa = PBXProject;
			attributes = {
				LastSwiftUpdateCheck = 0810;
				LastUpgradeCheck = 0810;
				ORGANIZATIONNAME = Rohit;
				TargetAttributes = {
					B503C3EC1DE4041900F3853A = {
						CreatedOnToolsVersion = 8.1;
						DevelopmentTeam = 5FW8TQJ4DK;
						ProvisioningStyle = Automatic;
						SystemCapabilities = {
							com.apple.Keychain = {
								enabled = 1;
							};
						};
					};
					B503C4021DE4041900F3853A = {
						CreatedOnToolsVersion = 8.1;
						ProvisioningStyle = Automatic;
						TestTargetID = B503C3EC1DE4041900F3853A;
					};
					B503C40D1DE4041900F3853A = {
						CreatedOnToolsVersion = 8.1;
						ProvisioningStyle = Automatic;
						TestTargetID = B503C3EC1DE4041900F3853A;
					};
				};
			};
			buildConfigurationList = B503C3E81DE4041900F3853A /* Build configuration list for PBXProject "QuickShare" */;
			compatibilityVersion = "Xcode 3.2";
			developmentRegion = English;
			hasScannedForEncodings = 0;
			knownRegions = (
				en,
				Base,
			);
			mainGroup = B503C3E41DE4041900F3853A;
			productRefGroup = B503C3EE1DE4041900F3853A /* Products */;
			projectDirPath = "";
			projectRoot = "";
			targets = (
				B503C3EC1DE4041900F3853A /* QuickShare */,
				B503C4021DE4041900F3853A /* QuickShareTests */,
				B503C40D1DE4041900F3853A /* QuickShareUITests */,
			);
		};
/* End PBXProject section */

/* Begin PBXResourcesBuildPhase section */
		B503C3EB1DE4041900F3853A /* Resources */ = {
			isa = PBXResourcesBuildPhase;
			buildActionMask = 2147483647;
			files = (
				B503C3FD1DE4041900F3853A /* LaunchScreen.storyboard in Resources */,
				B503C3FA1DE4041900F3853A /* Assets.xcassets in Resources */,
				B503C3F81DE4041900F3853A /* Main.storyboard in Resources */,
			);
			runOnlyForDeploymentPostprocessing = 0;
		};
		B503C4011DE4041900F3853A /* Resources */ = {
			isa = PBXResourcesBuildPhase;
			buildActionMask = 2147483647;
			files = (
			);
			runOnlyForDeploymentPostprocessing = 0;
		};
		B503C40C1DE4041900F3853A /* Resources */ = {
			isa = PBXResourcesBuildPhase;
			buildActionMask = 2147483647;
			files = (
			);
			runOnlyForDeploymentPostprocessing = 0;
		};
/* End PBXResourcesBuildPhase section */

/* Begin PBXShellScriptBuildPhase section */
		B501C15E1DF2A8F400669DB9 /* ShellScript */ = {
			isa = PBXShellScriptBuildPhase;
			buildActionMask = 2147483647;
			files = (
			);
			inputPaths = (
				"$(SRCROOT)/Carthage/Build/iOS/FacebookCore.framework",
				"$(SRCROOT)/Carthage/Build/iOS/FBSDKCoreKit.framework",
				"$(SRCROOT)/Carthage/Build/iOS/Bolts.framework",
				"$(SRCROOT)/Carthage/Build/iOS/FacebookLogin.framework",
				"$(SRCROOT)/Carthage/Build/iOS/FBSDKLoginKit.framework",
				"$(SRCROOT)/Carthage/Build/iOS/Fusuma.framework",
			);
			outputPaths = (
			);
			runOnlyForDeploymentPostprocessing = 0;
			shellPath = /bin/sh;
			shellScript = "/usr/local/bin/carthage copy-frameworks";
		};
/* End PBXShellScriptBuildPhase section */

/* Begin PBXSourcesBuildPhase section */
		B503C3E91DE4041900F3853A /* Sources */ = {
			isa = PBXSourcesBuildPhase;
			buildActionMask = 2147483647;
			files = (
				B504486C1DF10ABF0048B794 /* Just.swift in Sources */,
				B5FBC1051DF00F280052D46E /* ItemTableViewCell.swift in Sources */,
				B5DC9F131DF552300049017E /* AddImageViewController.swift in Sources */,
				B5C10F331DF241BE00364D8C /* FBLoginViewController.swift in Sources */,
				B5FBC1071DF0131F0052D46E /* ItemViewController.swift in Sources */,
				B565B96A1DF2E18300639B47 /* Item.swift in Sources */,
				B57C95B71DF5126400132200 /* ItemCollectionViewCell.swift in Sources */,
				B5A84FE61DF381B400E359DF /* User.swift in Sources */,
				B5C10F351DF2496D00364D8C /* ProfileViewController.swift in Sources */,
				B503C3F11DE4041900F3853A /* AppDelegate.swift in Sources */,
				B503C3F31DE4041900F3853A /* FeedViewController.swift in Sources */,
			);
			runOnlyForDeploymentPostprocessing = 0;
		};
		B503C3FF1DE4041900F3853A /* Sources */ = {
			isa = PBXSourcesBuildPhase;
			buildActionMask = 2147483647;
			files = (
				B503C4081DE4041900F3853A /* QuickShareTests.swift in Sources */,
			);
			runOnlyForDeploymentPostprocessing = 0;
		};
		B503C40A1DE4041900F3853A /* Sources */ = {
			isa = PBXSourcesBuildPhase;
			buildActionMask = 2147483647;
			files = (
				B503C4131DE4041900F3853A /* QuickShareUITests.swift in Sources */,
			);
			runOnlyForDeploymentPostprocessing = 0;
		};
/* End PBXSourcesBuildPhase section */

/* Begin PBXTargetDependency section */
		B503C4051DE4041900F3853A /* PBXTargetDependency */ = {
			isa = PBXTargetDependency;
			target = B503C3EC1DE4041900F3853A /* QuickShare */;
			targetProxy = B503C4041DE4041900F3853A /* PBXContainerItemProxy */;
		};
		B503C4101DE4041900F3853A /* PBXTargetDependency */ = {
			isa = PBXTargetDependency;
			target = B503C3EC1DE4041900F3853A /* QuickShare */;
			targetProxy = B503C40F1DE4041900F3853A /* PBXContainerItemProxy */;
		};
/* End PBXTargetDependency section */

/* Begin PBXVariantGroup section */
		B503C3F61DE4041900F3853A /* Main.storyboard */ = {
			isa = PBXVariantGroup;
			children = (
				B503C3F71DE4041900F3853A /* Base */,
			);
			name = Main.storyboard;
			sourceTree = "<group>";
		};
		B503C3FB1DE4041900F3853A /* LaunchScreen.storyboard */ = {
			isa = PBXVariantGroup;
			children = (
				B503C3FC1DE4041900F3853A /* Base */,
			);
			name = LaunchScreen.storyboard;
			sourceTree = "<group>";
		};
/* End PBXVariantGroup section */

/* Begin XCBuildConfiguration section */
		B503C4161DE4041900F3853A /* Release */ = {
			isa = XCBuildConfiguration;
			buildSettings = {
				ALWAYS_SEARCH_USER_PATHS = NO;
				CLANG_ANALYZER_NONNULL = YES;
				CLANG_CXX_LANGUAGE_STANDARD = "gnu++0x";
				CLANG_CXX_LIBRARY = "libc++";
				CLANG_ENABLE_MODULES = YES;
				CLANG_ENABLE_OBJC_ARC = YES;
				CLANG_WARN_BOOL_CONVERSION = YES;
				CLANG_WARN_CONSTANT_CONVERSION = YES;
				CLANG_WARN_DIRECT_OBJC_ISA_USAGE = YES_ERROR;
				CLANG_WARN_DOCUMENTATION_COMMENTS = YES;
				CLANG_WARN_EMPTY_BODY = YES;
				CLANG_WARN_ENUM_CONVERSION = YES;
				CLANG_WARN_INFINITE_RECURSION = YES;
				CLANG_WARN_INT_CONVERSION = YES;
				CLANG_WARN_OBJC_ROOT_CLASS = YES_ERROR;
				CLANG_WARN_SUSPICIOUS_MOVE = YES;
				CLANG_WARN_SUSPICIOUS_MOVES = YES;
				CLANG_WARN_UNREACHABLE_CODE = YES;
				CLANG_WARN__DUPLICATE_METHOD_MATCH = YES;
				CODE_SIGN_IDENTITY = "iPhone Developer";
				"CODE_SIGN_IDENTITY[sdk=iphoneos*]" = "iPhone Developer";
				COPY_PHASE_STRIP = NO;
				DEBUG_INFORMATION_FORMAT = "dwarf-with-dsym";
				ENABLE_NS_ASSERTIONS = NO;
				ENABLE_STRICT_OBJC_MSGSEND = YES;
				GCC_C_LANGUAGE_STANDARD = gnu99;
				GCC_NO_COMMON_BLOCKS = YES;
				GCC_WARN_64_TO_32_BIT_CONVERSION = YES;
				GCC_WARN_ABOUT_RETURN_TYPE = YES_ERROR;
				GCC_WARN_UNDECLARED_SELECTOR = YES;
				GCC_WARN_UNINITIALIZED_AUTOS = YES_AGGRESSIVE;
				GCC_WARN_UNUSED_FUNCTION = YES;
				GCC_WARN_UNUSED_VARIABLE = YES;
				IPHONEOS_DEPLOYMENT_TARGET = 10.1;
				MTL_ENABLE_DEBUG_INFO = NO;
				SDKROOT = iphoneos;
				SWIFT_OPTIMIZATION_LEVEL = "-Owholemodule";
				TARGETED_DEVICE_FAMILY = "1,2";
				VALIDATE_PRODUCT = YES;
			};
			name = Release;
		};
		B503C4191DE4041900F3853A /* Release */ = {
			isa = XCBuildConfiguration;
			buildSettings = {
				ALWAYS_EMBED_SWIFT_STANDARD_LIBRARIES = YES;
				ASSETCATALOG_COMPILER_APPICON_NAME = AppIcon;
				CODE_SIGN_ENTITLEMENTS = QuickShare/QuickShare.entitlements;
				CODE_SIGN_IDENTITY = "iPhone Developer";
				DEVELOPMENT_TEAM = 5FW8TQJ4DK;
				FRAMEWORK_SEARCH_PATHS = (
					"$(inherited)",
					"$(PROJECT_DIR)/QuickShare/Frameworks",
					"$(PROJECT_DIR)/**",
					"$(PROJECT_DIR)/Carthage/Build/iOS",
				);
				INFOPLIST_FILE = QuickShare/Info.plist;
				LD_RUNPATH_SEARCH_PATHS = "$(inherited) @executable_path/Frameworks";
				LIBRARY_SEARCH_PATHS = (
					"$(inherited)",
					"$(PROJECT_DIR)/cloudinary",
				);
				OTHER_LDFLAGS = "-ObjC";
				PRODUCT_BUNDLE_IDENTIFIER = com.rohit.QuickShare;
				PRODUCT_NAME = "$(TARGET_NAME)";
				SWIFT_OBJC_BRIDGING_HEADER = QuickShare/EL_Bridging_Header.h;
				SWIFT_VERSION = 3.0;
			};
			name = Release;
		};
		B503C41C1DE4041900F3853A /* Release */ = {
			isa = XCBuildConfiguration;
			buildSettings = {
				ALWAYS_EMBED_SWIFT_STANDARD_LIBRARIES = YES;
				BUNDLE_LOADER = "$(TEST_HOST)";
				INFOPLIST_FILE = QuickShareTests/Info.plist;
				LD_RUNPATH_SEARCH_PATHS = "$(inherited) @executable_path/Frameworks @loader_path/Frameworks";
				PRODUCT_BUNDLE_IDENTIFIER = com.rohit.QuickShareTests;
				PRODUCT_NAME = "$(TARGET_NAME)";
				SWIFT_VERSION = 3.0;
				TEST_HOST = "$(BUILT_PRODUCTS_DIR)/QuickShare.app/QuickShare";
			};
			name = Release;
		};
		B503C41F1DE4041900F3853A /* Release */ = {
			isa = XCBuildConfiguration;
			buildSettings = {
				ALWAYS_EMBED_SWIFT_STANDARD_LIBRARIES = YES;
				INFOPLIST_FILE = QuickShareUITests/Info.plist;
				LD_RUNPATH_SEARCH_PATHS = "$(inherited) @executable_path/Frameworks @loader_path/Frameworks";
				PRODUCT_BUNDLE_IDENTIFIER = com.rohit.QuickShareUITests;
				PRODUCT_NAME = "$(TARGET_NAME)";
				SWIFT_VERSION = 3.0;
				TEST_TARGET_NAME = QuickShare;
			};
			name = Release;
		};
/* End XCBuildConfiguration section */

/* Begin XCConfigurationList section */
		B503C3E81DE4041900F3853A /* Build configuration list for PBXProject "QuickShare" */ = {
			isa = XCConfigurationList;
			buildConfigurations = (
				B503C4161DE4041900F3853A /* Release */,
			);
			defaultConfigurationIsVisible = 0;
			defaultConfigurationName = Release;
		};
		B503C4171DE4041900F3853A /* Build configuration list for PBXNativeTarget "QuickShare" */ = {
			isa = XCConfigurationList;
			buildConfigurations = (
				B503C4191DE4041900F3853A /* Release */,
			);
			defaultConfigurationIsVisible = 0;
			defaultConfigurationName = Release;
		};
		B503C41A1DE4041900F3853A /* Build configuration list for PBXNativeTarget "QuickShareTests" */ = {
			isa = XCConfigurationList;
			buildConfigurations = (
				B503C41C1DE4041900F3853A /* Release */,
			);
			defaultConfigurationIsVisible = 0;
			defaultConfigurationName = Release;
		};
		B503C41D1DE4041900F3853A /* Build configuration list for PBXNativeTarget "QuickShareUITests" */ = {
			isa = XCConfigurationList;
			buildConfigurations = (
				B503C41F1DE4041900F3853A /* Release */,
			);
			defaultConfigurationIsVisible = 0;
			defaultConfigurationName = Release;
		};
/* End XCConfigurationList section */
	};
	rootObject = B503C3E51DE4041900F3853A /* Project object */;
}
